
Microsoft Visual Studio Solution File, Format Version 12.00
# Visual Studio Version 17
VisualStudioVersion = 17.9.34526.213
MinimumVisualStudioVersion = 10.0.40219.1
Project("{FAE04EC0-301F-11D3-BF4B-00C04F79EFBC}") = "Super Tic Tac Toe", "Super Tic Tac Toe\Super Tic Tac Toe.csproj", "{6790F233-6190-48E5-B4E9-E640521FAAC0}"
EndProject
Global
	GlobalSection(SolutionConfigurationPlatforms) = preSolution
		Debug|Any CPU = Debug|Any CPU
		Release|Any CPU = Release|Any CPU
	EndGlobalSection
	GlobalSection(ProjectConfigurationPlatforms) = postSolution
		{6790F233-6190-48E5-B4E9-E640521FAAC0}.Debug|Any CPU.ActiveCfg = Debug|Any CPU
		{6790F233-6190-48E5-B4E9-E640521FAAC0}.Debug|Any CPU.Build.0 = Debug|Any CPU
		{6790F233-6190-48E5-B4E9-E640521FAAC0}.Release|Any CPU.ActiveCfg = Release|Any CPU
		{6790F233-6190-48E5-B4E9-E640521FAAC0}.Release|Any CPU.Build.0 = Release|Any CPU
	EndGlobalSection
	GlobalSection(SolutionProperties) = preSolution
		HideSolutionNode = FALSE
	EndGlobalSection
	GlobalSection(ExtensibilityGlobals) = postSolution
		SolutionGuid = {62ADE5D7-9BAE-4394-8A3E-92E7689A8C13}
	EndGlobalSection
EndGlobal
